
Microsoft Visual Studio Solution File, Format Version 12.00
# Visual Studio Version 16
VisualStudioVersion = 16.0.31005.135
MinimumVisualStudioVersion = 10.0.40219.1
Project("{9A19103F-16F7-4668-BE54-9A1E7A4F7556}") = "expediente-clinico", "expediente-clinico\expediente-clinico.csproj", "{DC5E8794-AB4C-45A1-9D20-0F8EA41EDAAE}"
EndProject
Project("{9A19103F-16F7-4668-BE54-9A1E7A4F7556}") = "expediente-documentos", "expediente-documentos\expediente-documentos.csproj", "{1FCCF9CF-A587-43CD-917A-77622851EBAF}"
EndProject
Project("{FAE04EC0-301F-11D3-BF4B-00C04F79EFBC}") = "expedienteWeb", "expedienteWeb\expedienteWeb.csproj", "{FF3E9B18-FFB7-459C-8530-11D292234823}"
EndProject
Global
	GlobalSection(SolutionConfigurationPlatforms) = preSolution
		Debug|Any CPU = Debug|Any CPU
		Release|Any CPU = Release|Any CPU
	EndGlobalSection
	GlobalSection(ProjectConfigurationPlatforms) = postSolution
		{DC5E8794-AB4C-45A1-9D20-0F8EA41EDAAE}.Debug|Any CPU.ActiveCfg = Debug|Any CPU
		{DC5E8794-AB4C-45A1-9D20-0F8EA41EDAAE}.Debug|Any CPU.Build.0 = Debug|Any CPU
		{DC5E8794-AB4C-45A1-9D20-0F8EA41EDAAE}.Release|Any CPU.ActiveCfg = Release|Any CPU
		{DC5E8794-AB4C-45A1-9D20-0F8EA41EDAAE}.Release|Any CPU.Build.0 = Release|Any CPU
		{1FCCF9CF-A587-43CD-917A-77622851EBAF}.Debug|Any CPU.ActiveCfg = Debug|Any CPU
		{1FCCF9CF-A587-43CD-917A-77622851EBAF}.Debug|Any CPU.Build.0 = Debug|Any CPU
		{1FCCF9CF-A587-43CD-917A-77622851EBAF}.Release|Any CPU.ActiveCfg = Release|Any CPU
		{1FCCF9CF-A587-43CD-917A-77622851EBAF}.Release|Any CPU.Build.0 = Release|Any CPU
		{FF3E9B18-FFB7-459C-8530-11D292234823}.Debug|Any CPU.ActiveCfg = Debug|Any CPU
		{FF3E9B18-FFB7-459C-8530-11D292234823}.Debug|Any CPU.Build.0 = Debug|Any CPU
		{FF3E9B18-FFB7-459C-8530-11D292234823}.Release|Any CPU.ActiveCfg = Release|Any CPU
		{FF3E9B18-FFB7-459C-8530-11D292234823}.Release|Any CPU.Build.0 = Release|Any CPU
	EndGlobalSection
	GlobalSection(SolutionProperties) = preSolution
		HideSolutionNode = FALSE
	EndGlobalSection
	GlobalSection(ExtensibilityGlobals) = postSolution
		SolutionGuid = {C78F46AD-3F8E-4754-BA78-06E0CE07C13D}
	EndGlobalSection
EndGlobal
